version = 1
revision = 3
requires-python = ">=3.14"

[[package]]
name = "annotated-doc"
version = "0.0.5"
source = { registry = "https://pypi.org/simple" }
sdist = { url = "https://files.pythonhosted.org/packages/5a/8e/38aa427ed5402449e226975b649c5dc73ccadfefeb95e6aecb8f8ea4b6b6/annotated_doc-0.0.5.tar.gz", hash = "sha256:c7e58ce09192557605d8bbd92836d7e1d520ac9580096042c0bfd197efacf1bb", size = 10758, upload-time = "2026-07-28T13:50:58.129Z" }
wheels = [
    { url = "https://files.pythonhosted.org/packages/3e/30/e900b21425a860e195f32e37657aa1f7c7f2b1bfb26f03ca209b90933c06/annotated_doc-0.0.5-py3-none-any.whl", hash = "sha256:117bac03a25ede5df5440e855b32d556049ca169ead221505badf432fed4b101", size = 5302, upload-time = "2026-07-28T13:50:57.239Z" },
]

[[package]]
name = "appzip"
version = "0.1.0"
source = { editable = "." }
dependencies = [
    { name = "msgspec" },
    { name = "typer" },
]

[package.metadata]
requires-dist = [
    { name = "msgspec", specifier = ">=0.22.0" },
    { name = "typer", specifier = ">=0.27.2" },
]

[[package]]
name = "colorama"
version = "0.4.6"
source = { registry = "https://pypi.org/simple" }
sdist = { url = "https://files.pythonhosted.org/packages/d8/53/6f443c9a4a8358a93a6792e2acffb9d9d5cb0a5cfd8802644b7b1c9a02e4/colorama-0.4.6.tar.gz", hash = "sha256:08695f5cb7ed6e0531a20572697297273c47b8cae5a63ffc6d6ed5c201be6e44", size = 27697, upload-time = "2022-10-25T02:36:22.414Z" }
wheels = [
    { url = "https://files.pythonhosted.org/packages/d1/d6/3965ed04c63042e047cb6a3e6ed1a63a35087b6a609aa3a15ed8ac56c221/colorama-0.4.6-py2.py3-none-any.whl", hash = "sha256:4f1d9991f5acc0ca119f9d443620b77f9d6b33703e51011c16baf57afb285fc6", size = 25335, upload-time = "2022-10-25T02:36:20.889Z" },
]

[[package]]
name = "markdown-it-py"
version = "4.2.0"
source = { registry = "https://pypi.org/simple" }
dependencies = [
    { name = "mdurl" },
]
sdist = { url = "https://files.pythonhosted.org/packages/06/ff/7841249c247aa650a76b9ee4bbaeae59370dc8bfd2f6c01f3630c35eb134/markdown_it_py-4.2.0.tar.gz", hash = "sha256:04a21681d6fbb623de53f6f364d352309d4094dd4194040a10fd51833e418d49", size = 82454, upload-time = "2026-05-07T12:08:28.36Z" }
wheels = [
    { url = "https://files.pythonhosted.org/packages/b3/81/4da04ced5a082363ecfa159c010d200ecbd959ae410c10c0264a38cac0f5/markdown_it_py-4.2.0-py3-none-any.whl", hash = "sha256:9f7ebbcd14fe59494226453aed97c1070d83f8d24b6fc3a3bcf9a38092641c4a", size = 91687, upload-time = "2026-05-07T12:08:27.182Z" },
]

[[package]]
name = "mdurl"
version = "0.1.2"
source = { registry = "https://pypi.org/simple" }
sdist = { url = "https://files.pythonhosted.org/packages/d6/54/cfe61301667036ec958cb99bd3efefba235e65cdeb9c84d24a8293ba1d90/mdurl-0.1.2.tar.gz", hash = "sha256:bb413d29f5eea38f31dd4754dd7377d4465116fb207585f97bf925588687c1ba", size = 8729, upload-time = "2022-08-14T12:40:10.846Z" }
wheels = [
    { url = "https://files.pythonhosted.org/packages/b3/38/89ba8ad64ae25be8de66a6d463314cf1eb366222074cfda9ee839c56a4b4/mdurl-0.1.2-py3-none-any.whl", hash = "sha256:84008a41e51615a49fc9966191ff91509e3c40b939176e643fd50a5c2196b8f8", size = 9979, upload-time = "2022-08-14T12:40:09.779Z" },
]

[[package]]
name = "msgspec"
version = "0.22.0"
source = { registry = "https://pypi.org/simple" }
sdist = { url = "https://files.pythonhosted.org/packages/d0/e6/6dcf9306ff3c5e486578f3bf29ed11dfbdbbc2a8bf0caf7e07d392887fda/msgspec-0.22.0.tar.gz", hash = "sha256:0a13624a4969159fe35d8c2a3d377b2b61bbd8585e327440d5e52725affcce38", size = 343188, upload-time = "2026-09-29T14:14:11.422Z" }
wheels = [
    { url = "https://files.pythonhosted.org/packages/53/f9/ac027b35477e6b83bcee32b3d9675b37abfa130f098dd6500fa67d768852/msgspec-0.22.0-cp314-cp314-macosx_10_15_x86_64.whl", hash = "sha256:221cbcbfa4478152b91d37dcfd4830e2be92773e8139e883f43773450ebacef8", size = 201276, upload-time = "2026-09-29T14:13:08.311Z" },
    { url = "https://files.pythonhosted.org/packages/13/6b/2bffffa31662b1353a62e672442865d51c291ad778352fd490de16361dc6/msgspec-0.22.0-cp314-cp314-macosx_11_0_arm64.whl", hash = "sha256:dd9568695911055440d2bb7099ed9098fc181d335daa772d0eb3fe8f31ba4efb", size = 193233, upload-time = "2026-09-29T14:13:09.943Z" },
    { url = "https://files.pythonhosted.org/packages/14/bc/4066416ff6aa918d1ef9295edee0041e4629e4079ad3839bdd8a68fd87f0/msgspec-0.22.0-cp314-cp314-manylinux2014_aarch64.manylinux_2_17_aarch64.manylinux_2_28_aarch64.whl", hash = "sha256:f039ef5207b847f075a0a43020ee6140cd47505f890e47e157f2deb485c2dc96", size = 225101, upload-time = "2026-09-29T14:13:11.391Z" },
    { url = "https://files.pythonhosted.org/packages/63/ba/a8d390d5bd4c7d9ccde87c95cf071ada934cc9ca2c6af4d3d50b38f2d718/msgspec-0.22.0-cp314-cp314-manylinux2014_x86_64.manylinux_2_17_x86_64.manylinux_2_28_x86_64.whl", hash = "sha256:5e4f7e09cceac7dbf4c0761b8ae7df51c55b5df5e9af7aff2c895aac1ebea015", size = 230505, upload-time = "2026-09-29T14:13:12.869Z" },
    { url = "https://files.pythonhosted.org/packages/9c/89/979664fdc913c624ef88a139b40e3a95ddf2a47c89e8b5c4147f69ee9c48/msgspec-0.22.0-cp314-cp314-manylinux_2_31_riscv64.manylinux_2_39_riscv64.whl", hash = "sha256:614e2c827e0a3f934f3cf0cf4ba65210df8132b75a69a8a1f51bb3b2caf0ac5a", size = 237382, upload-time = "2026-09-29T14:13:14.317Z" },
    { url = "https://files.pythonhosted.org/packages/07/3f/7d44c614376ae008ac6099be5f589b322c4ad44e32c6dbb0edd256215028/msgspec-0.22.0-cp314-cp314-musllinux_1_2_aarch64.whl", hash = "sha256:fa3689b9dfcc663358ef23ba4299d7460f01108515b041a7d30d05908ac9c32f", size = 228962, upload-time = "2026-09-29T14:13:15.763Z" },
    { url = "https://files.pythonhosted.org/packages/0b/59/bf8504e6f63f6769d01fb66f8bd856cf0ed39a07fde354f440d711640054/msgspec-0.22.0-cp314-cp314-musllinux_1_2_riscv64.whl", hash = "sha256:d2f950239ff1fc7322c6f9634807310265149cb168270d3ddcdda5b6ada13a28", size = 236691, upload-time = "2026-09-29T14:13:17.195Z" },
    { url = "https://files.pythonhosted.org/packages/2b/40/5a9d2bde12af16a22ddbf371990a81d3e3c0dcd4bb4ef3b3f9616b033c14/msgspec-0.22.0-cp314-cp314-musllinux_1_2_x86_64.whl", hash = "sha256:3c789b5ccd07c0a3c09767108ee06e089b2875f2309a4569c2648f30a8d31dfa", size = 232750, upload-time = "2026-09-29T14:13:18.691Z" },
    { url = "https://files.pythonhosted.org/packages/75/5d/c0e6bdb81a87f6bd56a663a330c271af7670490c80d8d635d9fa21ad1adf/msgspec-0.22.0-cp314-cp314-pyemscripten_2026_0_wasm32.whl", hash = "sha256:a66b1766311e42371e509c996c3933b161c7ae0eabdf361af5316dec197e1022", size = 136814, upload-time = "2026-09-29T14:13:20.415Z" },
    { url = "https://files.pythonhosted.org/packages/b9/c0/b0cfc6d33608e5ea8871f3be31f9146c56699e737a7d8862bf018484f278/msgspec-0.22.0-cp314-cp314-win_amd64.whl", hash = "sha256:749899563d26b211379f142b8ffd7e2d7da149a51717798f0ce994dce50324f0", size = 197097, upload-time = "2026-09-29T14:13:21.869Z" },
    { url = "https://files.pythonhosted.org/packages/42/1f/571f7fe7c725380605d680fc4c0084212b23d2dfcf6be0f2277f14462c56/msgspec-0.22.0-cp314-cp314-win_arm64.whl", hash = "sha256:10d0d1d464960d99a949f7ca01ef8928e51c472433a5f5ab74b2d695fb830652", size = 196779, upload-time = "2026-09-29T14:13:23.62Z" },
    { url = "https://files.pythonhosted.org/packages/ab/f3/3c87372bac651b37911e0dc6926c3958949d3fcb8cec1016adbc44d948b2/msgspec-0.22.0-cp314-cp314t-macosx_10_15_x86_64.whl", hash = "sha256:e79725246291516a7359caad5fb743ddc0ec66ed40d2381fb846325b5031504e", size = 205214, upload-time = "2026-09-29T14:13:25.158Z" },
    { url = "https://files.pythonhosted.org/packages/43/4c/fbccd6e0fbbdf10c4d9b6bac8a26148dd5483b3ffff6d6c5a376ff1f5cb1/msgspec-0.22.0-cp314-cp314t-macosx_11_0_arm64.whl", hash = "sha256:38f7022fbe91954b31afe3888a0af1b652e0f370fafdeb1d425f4a814d789c9f", size = 196941, upload-time = "2026-09-29T14:13:26.637Z" },
    { url = "https://files.pythonhosted.org/packages/55/04/8db7186d3ae8818356bc623cc132db8b77da37ce4b1345f35719c8ad5726/msgspec-0.22.0-cp314-cp314t-manylinux2014_aarch64.manylinux_2_17_aarch64.manylinux_2_28_aarch64.whl", hash = "sha256:b6d3ca19a8ff28d0a67a1824e2bff7ec649ec795c80a265f20ade4caa63080de", size = 229934, upload-time = "2026-09-29T14:13:28.285Z" },
    { url = "https://files.pythonhosted.org/packages/17/24/a249f3491cabbe77cc65a1a6f87c128582aa39357227149be61cac8e554f/msgspec-0.22.0-cp314-cp314t-manylinux2014_x86_64.manylinux_2_17_x86_64.manylinux_2_28_x86_64.whl", hash = "sha256:a8b98ae215a102cbf6635f7df45f5c4af12f77fad1f7b71b9808fcf868a5735d", size = 234378, upload-time = "2026-09-29T14:13:29.821Z" },
    { url = "https://files.pythonhosted.org/packages/87/ee/6dbcb1b5de8e9d47e8f0fde9a288628dc178c1749a570b98251218fa10c4/msgspec-0.22.0-cp314-cp314t-manylinux_2_31_riscv64.manylinux_2_39_riscv64.whl", hash = "sha256:e0aa0cc3f18c35bab79bd7b87fde95d6274a9deddeebd1ea541f8066a5073165", size = 243118, upload-time = "2026-09-29T14:13:31.544Z" },
    { url = "https://files.pythonhosted.org/packages/79/03/7dd2d0ca988600e01fc00ad0cf20d1d44bc59369a913c988654c65f6582b/msgspec-0.22.0-cp314-cp314t-musllinux_1_2_aarch64.whl", hash = "sha256:8c8e84789918fbc15a503b92a829115ddd7567ecd3e4778bd418c56abbb86c11", size = 234557, upload-time = "2026-09-29T14:13:33.068Z" },
    { url = "https://files.pythonhosted.org/packages/74/e2/43f3c63bff1650efcaaea31466246e28b46927323fc9ff416c68cc6e4047/msgspec-0.22.0-cp314-cp314t-musllinux_1_2_riscv64.whl", hash = "sha256:3ca7d4cd69fbb66bd2da6211d3e79d40542d196c16c6d99bf838f76767ad35be", size = 241288, upload-time = "2026-09-29T14:13:34.532Z" },
    { url = "https://files.pythonhosted.org/packages/8b/70/11b93815a59674f33182dc3e873d343ca0b37e25be52ecb28f52092f1fed/msgspec-0.22.0-cp314-cp314t-musllinux_1_2_x86_64.whl", hash = "sha256:28f53f3604dd3e70225f7563c831628dbb03299b428f8e62aadb4b628e386874", size = 236432, upload-time = "2026-09-29T14:13:36.083Z" },
    { url = "https://files.pythonhosted.org/packages/b7/82/7aad0f033f8dcb3f23868773c2ede803ae162a784828ccde75aa3f9b2f9d/msgspec-0.22.0-cp314-cp314t-win_amd64.whl", hash = "sha256:7293dee54de040cfa225c22151cc3d72f17cd674b5ebcb52f38fb9f5701592e6", size = 202062, upload-time = "2026-09-29T14:13:37.955Z" },
    { url = "https://files.pythonhosted.org/packages/e3/45/cf52577926d73e2369e25927e389cb4ea1461169c489f46d3248159b5be7/msgspec-0.22.0-cp314-cp314t-win_arm64.whl", hash = "sha256:c3c510aba9015c085e514b75a9b3f1ed7c4591ae5e379655821b8bba51f30cc7", size = 201686, upload-time = "2026-09-29T14:13:39.42Z" },
    { url = "https://files.pythonhosted.org/packages/c8/63/d93937e2aae34ff1ea33b62799d1963cacc1bf432d196d6130039657a122/msgspec-0.22.0-cp315-cp315-macosx_10_15_x86_64.whl", hash = "sha256:263e110955ed76fe0af2d79f819903b50a70dc0e7a752eb7aabe79d2e0a084fb", size = 202241, upload-time = "2026-09-29T14:13:40.919Z" },
    { url = "https://files.pythonhosted.org/packages/3b/e2/46ece11a244cd56432eb2362ffbb8014f3f02963136d84d941f71fdc2a3f/msgspec-0.22.0-cp315-cp315-macosx_11_0_arm64.whl", hash = "sha256:c6f06576eced70462179a4b4638e84cf69fdbba37f44d13a64a21739c131a830", size = 194232, upload-time = "2026-09-29T14:13:42.454Z" },
    { url = "https://files.pythonhosted.org/packages/cf/b1/1c385f2f93006cdc2af1511cc512c347cb22e2d4f11952c205230aedf586/msgspec-0.22.0-cp315-cp315-manylinux2014_aarch64.manylinux_2_17_aarch64.manylinux_2_28_aarch64.whl", hash = "sha256:8d67582478b0eaabb899f2fb255c878ee7de57dff80eb73ab24f1865524ec441", size = 226524, upload-time = "2026-09-29T14:13:43.876Z" },
    { url = "https://files.pythonhosted.org/packages/dc/fb/c80c8842d40347cacf89a60a4986b849dae1a6dfd25830441efdd6faa65b/msgspec-0.22.0-cp315-cp315-manylinux2014_x86_64.manylinux_2_17_x86_64.manylinux_2_28_x86_64.whl", hash = "sha256:71cbbdb39631064e2f2f9e9ac2b1b69931d72276eb5f9da4ed025726296bdbb6", size = 231816, upload-time = "2026-09-29T14:13:45.329Z" },
    { url = "https://files.pythonhosted.org/packages/73/ac/90bbcfd890b4bda90c93f7e1b7fc24e84b270420486d9d43ae31443d15ab/msgspec-0.22.0-cp315-cp315-manylinux_2_31_riscv64.manylinux_2_39_riscv64.whl", hash = "sha256:8f0a5c25516e2034b2db7767081759ff8996e214def9c43b3055f61e1be1caad", size = 244241, upload-time = "2026-09-29T14:13:46.851Z" },
    { url = "https://files.pythonhosted.org/packages/72/9a/eabdb5f1b5e6013b0e2f9f2a95790587f6864aa9ca37f9d7dece65b53878/msgspec-0.22.0-cp315-cp315-musllinux_1_2_aarch64.whl", hash = "sha256:a1dab6a99c759d1391ab2993388c1892746a697254f4b5dc6c059ca6e3bfbc8b", size = 230198, upload-time = "2026-09-29T14:13:48.296Z" },
    { url = "https://files.pythonhosted.org/packages/e9/89/9f080532d4ac52f416dd7318e55c2053cc071853d17d58e24897a5b553bf/msgspec-0.22.0-cp315-cp315-musllinux_1_2_riscv64.whl", hash = "sha256:a52eba5c9528fd181fcec39d22b67aaa1dccc6cfe8e24d3f5d41130e6d04289d", size = 242949, upload-time = "2026-09-29T14:13:49.829Z" },
    { url = "https://files.pythonhosted.org/packages/11/df/6baf9b2f3523ebe2b820820c7929fd72ec5f483a93147130338ecc353fac/msgspec-0.22.0-cp315-cp315-musllinux_1_2_x86_64.whl", hash = "sha256:1e547966017265c0d23342bcf2e027305dde40ea042d16694a9b96b4f696a052", size = 233914, upload-time = "2026-09-29T14:13:51.5Z" },
    { url = "https://files.pythonhosted.org/packages/bb/37/9cf650779c8c1e53291ef184c838703930a4cabb1fb37e222c85a7d49fa9/msgspec-0.22.0-cp315-cp315-win_amd64.whl", hash = "sha256:0067057df265795f742658b15dbe53f3b6f21d19dcfa53676db11088cfa41e0a", size = 197910, upload-time = "2026-09-29T14:13:53.071Z" },
    { url = "https://files.pythonhosted.org/packages/f5/ce/2f78c93d4f69e0167a19c2d40d4fbf7bbd6f074e1047536735832a4368ee/msgspec-0.22.0-cp315-cp315-win_arm64.whl", hash = "sha256:05dbc8268e50c9232ec72b9af1c7b13049aade4d1197764e38c427048706e046", size = 197590, upload-time = "2026-09-29T14:13:54.47Z" },
    { url = "https://files.pythonhosted.org/packages/3f/bf/282e9a443058b85b8f706c9a651e2d8cdd11cc09d16e8fa347b6c57b75bb/msgspec-0.22.0-cp315-cp315t-macosx_10_15_x86_64.whl", hash = "sha256:b3113ebcceeb7693a915183c73d92c10bf5c62851dd187cab43bd025fb587419", size = 206298, upload-time = "2026-09-29T14:13:55.913Z" },
    { url = "https://files.pythonhosted.org/packages/ef/2d/2e694fa46f55319007f72013b17341ea3868be1c77e7a597176b202dda92/msgspec-0.22.0-cp315-cp315t-macosx_11_0_arm64.whl", hash = "sha256:0dfadea8bdcfafc614bd031de55a8ede22b43445cfff6d8b77cc0c07d3edc8a8", size = 198145, upload-time = "2026-09-29T14:13:57.412Z" },
    { url = "https://files.pythonhosted.org/packages/5b/2e/2fa279cb57cb47175ae604d572787f903d4ad3f0afa867201bbd99e6647e/msgspec-0.22.0-cp315-cp315t-manylinux2014_aarch64.manylinux_2_17_aarch64.manylinux_2_28_aarch64.whl", hash = "sha256:d7a738826936c72348c613061d260446f13c82b6fd7d5d7705b6911ab8dca2f3", size = 232362, upload-time = "2026-09-29T14:13:58.817Z" },
    { url = "https://files.pythonhosted.org/packages/a0/58/a7e759b11b28441c27f803b29d9b5f4b5ad85150c89354b5ede1baca9258/msgspec-0.22.0-cp315-cp315t-manylinux2014_x86_64.manylinux_2_17_x86_64.manylinux_2_28_x86_64.whl", hash = "sha256:f2ddea9d78d09460f06c26a7a508adcd049761c3208776162b8eb79b8a032cff", size = 235885, upload-time = "2026-09-29T14:14:00.381Z" },
    { url = "https://files.pythonhosted.org/packages/86/56/8d7ee098e94cbd9f35fa643dc497e06a4a6307b9f562cfbe48103fc3b209/msgspec-0.22.0-cp315-cp315t-manylinux_2_31_riscv64.manylinux_2_39_riscv64.whl", hash = "sha256:884c28c80b0a511595b29a9b04a3a230c3797369e4a033e6d5c6d9b5427f8e09", size = 248155, upload-time = "2026-09-29T14:14:01.945Z" },
    { url = "https://files.pythonhosted.org/packages/b9/6d/1cabb4b8a5dbf696e2b24df9e482b2e0333bb3b1b13ebb5433813e6616ec/msgspec-0.22.0-cp315-cp315t-musllinux_1_2_aarch64.whl", hash = "sha256:f7a923bcde480065c8e25967464cfb2a687ee67000bb43157e2d57e40eca7305", size = 236416, upload-time = "2026-09-29T14:14:03.363Z" },
    { url = "https://files.pythonhosted.org/packages/ba/43/8bf0f558eb369f1f2d494b3d5ab9d0ae0907d07ecc0cdbe11b6768b02867/msgspec-0.22.0-cp315-cp315t-musllinux_1_2_riscv64.whl", hash = "sha256:65eea14bc65ccfeb8f3af62cb204841871e2961f002d7fa87dbe0f79dacf1c1c", size = 247292, upload-time = "2026-09-29T14:14:04.829Z" },
    { url = "https://files.pythonhosted.org/packages/81/33/2fbaadf98b5510cac4bb56d2b03937e0b1fb4bfcd1ae6aba20361f299583/msgspec-0.22.0-cp315-cp315t-musllinux_1_2_x86_64.whl", hash = "sha256:0666a1520cab86796612e794e71107e0fbf5e8ff3ddcdfcfff8f1d94b860d2f1", size = 238220, upload-time = "2026-09-29T14:14:06.408Z" },
    { url = "https://files.pythonhosted.org/packages/f1/cc/b6be6041098ab859a8472983ccc2c08339fc2ef53f28d4f5fe7f4f34276b/msgspec-0.22.0-cp315-cp315t-win_amd64.whl", hash = "sha256:885c6e0c89d6103648525fe62aa78d600054dedf7b3713d23b15d7ddb6d66a13", size = 202939, upload-time = "2026-09-29T14:14:08.079Z" },
    { url = "https://files.pythonhosted.org/packages/5a/c1/664578dd98be70cd4ab1a9dcf3a181b1376b83c65ec41ee162130b58c8c0/msgspec-0.22.0-cp315-cp315t-win_arm64.whl", hash = "sha256:268594d0bae5510572599a6ab0364dd9de43c867d24a30856cd9f5edb63d8dc6", size = 202117, upload-time = "2026-09-29T14:14:09.891Z" },
]

[[package]]
name = "pygments"
version = "2.21.0"
source = { registry = "https://pypi.org/simple" }
sdist = { url = "https://files.pythonhosted.org/packages/49/2e/ced460408999b33da6b31b0021b0f37d329e202d4169aeb164493778f25b/pygments-2.21.0.tar.gz", hash = "sha256:610ca751c9bc2492b38eb9a38a7fbc93edbbb2d7182edaf34e66ae493dee5c8c", size = 5005329, upload-time = "2026-08-17T08:02:48.824Z" }
wheels = [
    { url = "https://files.pythonhosted.org/packages/71/46/17f022dd3e953bf20a04a028a21ec746d942f8d2af30fa0f124fa0e6a684/pygments-2.21.0-py3-none-any.whl", hash = "sha256:2363c69b61c4a97c838da3b130dcd6468f4848992b21a82f2a63ec34377137d9", size = 1250147, upload-time = "2026-08-17T08:02:44.912Z" },
]

[[package]]
name = "rich"
version = "15.0.0"
source = { registry = "https://pypi.org/simple" }
dependencies = [
    { name = "markdown-it-py" },
    { name = "pygments" },
]
sdist = { url = "https://files.pythonhosted.org/packages/c0/8f/0722ca900cc807c13a6a0c696dacf35430f72e0ec571c4275d2371fca3e9/rich-15.0.0.tar.gz", hash = "sha256:edd07a4824c6b40189fb7ac9bc4c52536e9780fbbfbddf6f1e2502c31b068c36", size = 230680, upload-time = "2026-04-12T08:24:00.75Z" }
wheels = [
    { url = "https://files.pythonhosted.org/packages/82/3b/64d4899d73f91ba49a8c18a8ff3f0ea8f1c1d75481760df8c68ef5235bf5/rich-15.0.0-py3-none-any.whl", hash = "sha256:33bd4ef74232fb73fe9279a257718407f169c09b78a87ad3d296f548e27de0bb", size = 310654, upload-time = "2026-04-12T08:24:02.83Z" },
]

[[package]]
name = "shellingham"
version = "1.5.4"
source = { registry = "https://pypi.org/simple" }
sdist = { url = "https://files.pythonhosted.org/packages/58/15/8b3609fd3830ef7b27b655beb4b4e9c62313a4e8da8c676e142cc210d58e/shellingham-1.5.4.tar.gz", hash = "sha256:8dbca0739d487e5bd35ab3ca4b36e11c4078f3a234bfce294b0a0291363404de", size = 10310, upload-time = "2023-10-24T04:13:40.426Z" }
wheels = [
    { url = "https://files.pythonhosted.org/packages/e0/f9/0595336914c5619e5f28a1fb793285925a8cd4b432c9da0a987836c7f822/shellingham-1.5.4-py2.py3-none-any.whl", hash = "sha256:7ecfff8f2fd72616f7481040475a65b2bf8af90a56c89140852d1120324e8686", size = 9755, upload-time = "2023-10-24T04:13:38.866Z" },
]

[[package]]
name = "typer"
version = "0.27.2"
source = { registry = "https://pypi.org/simple" }
dependencies = [
    { name = "annotated-doc" },
    { name = "colorama", marker = "sys_platform == 'win32'" },
    { name = "rich" },
    { name = "shellingham" },
]
sdist = { url = "https://files.pythonhosted.org/packages/16/f7/57713ba479fd405eb76de31404b2c744c289e336b2d999511ebf51e496f7/typer-0.27.2.tar.gz", hash = "sha256:269b7eb9d3c202ca84b4bc9618cb04ebb43d3d4d1e567e4c768607232c05f945", size = 204045, upload-time = "2026-08-28T10:26:55.046Z" }
wheels = [
    { url = "https://files.pythonhosted.org/packages/dc/bf/205d0004930ede8f542fb58f601526fccf4ae7626075ca1e6c4de5d3d652/typer-0.27.2-py3-none-any.whl", hash = "sha256:b3a5fc4342d5fc8fda8fc3010b1cf117e9249aab7fae800c2eff62fd3842d97d", size = 123130, upload-time = "2026-08-28T10:26:53.752Z" },
]
